
Microsoft Visual Studio Solution File, Format Version 12.00
# Visual Studio Version 16
VisualStudioVersion = 16.0.30711.63
MinimumVisualStudioVersion = 10.0.40219.1
Project("{FAE04EC0-301F-11D3-BF4B-00C04F79EFBC}") = "ConsoleUI", "ConsoleUI\ConsoleUI.csproj", "{898BCBF7-F0FE-4125-98A2-B47A694DFD61}"
EndProject
Project("{FAE04EC0-301F-11D3-BF4B-00C04F79EFBC}") = "Repository", "Repository\Repository.csproj", "{E584389C-939F-41B5-9E2D-2192974CDE43}"
EndProject
Project("{FAE04EC0-301F-11D3-BF4B-00C04F79EFBC}") = "CafeTest", "CafeTest\CafeTest.csproj", "{D6CEB1F2-1AC2-4809-917D-191FEC11DC9A}"
EndProject
Global
	GlobalSection(SolutionConfigurationPlatforms) = preSolution
		Debug|Any CPU = Debug|Any CPU
		Release|Any CPU = Release|Any CPU
	EndGlobalSection
	GlobalSection(ProjectConfigurationPlatforms) = postSolution
		{898BCBF7-F0FE-4125-98A2-B47A694DFD61}.Debug|Any CPU.ActiveCfg = Debug|Any CPU
		{898BCBF7-F0FE-4125-98A2-B47A694DFD61}.Debug|Any CPU.Build.0 = Debug|Any CPU
		{898BCBF7-F0FE-4125-98A2-B47A694DFD61}.Release|Any CPU.ActiveCfg = Release|Any CPU
		{898BCBF7-F0FE-4125-98A2-B47A694DFD61}.Release|Any CPU.Build.0 = Release|Any CPU
		{E584389C-939F-41B5-9E2D-2192974CDE43}.Debug|Any CPU.ActiveCfg = Debug|Any CPU
		{E584389C-939F-41B5-9E2D-2192974CDE43}.Debug|Any CPU.Build.0 = Debug|Any CPU
		{E584389C-939F-41B5-9E2D-2192974CDE43}.Release|Any CPU.ActiveCfg = Release|Any CPU
		{E584389C-939F-41B5-9E2D-2192974CDE43}.Release|Any CPU.Build.0 = Release|Any CPU
		{D6CEB1F2-1AC2-4809-917D-191FEC11DC9A}.Debug|Any CPU.ActiveCfg = Debug|Any CPU
		{D6CEB1F2-1AC2-4809-917D-191FEC11DC9A}.Debug|Any CPU.Build.0 = Debug|Any CPU
		{D6CEB1F2-1AC2-4809-917D-191FEC11DC9A}.Release|Any CPU.ActiveCfg = Release|Any CPU
		{D6CEB1F2-1AC2-4809-917D-191FEC11DC9A}.Release|Any CPU.Build.0 = Release|Any CPU
	EndGlobalSection
	GlobalSection(SolutionProperties) = preSolution
		HideSolutionNode = FALSE
	EndGlobalSection
	GlobalSection(ExtensibilityGlobals) = postSolution
		SolutionGuid = {9DB9FD9F-F8D1-4385-9666-780E0912831C}
	EndGlobalSection
EndGlobal
